
Microsoft Visual Studio Solution File, Format Version 12.00
# Visual Studio Version 17
VisualStudioVersion = 17.2.32526.322
MinimumVisualStudioVersion = 10.0.40219.1
Project("{FAE04EC0-301F-11D3-BF4B-00C04F79EFBC}") = "asdfg", "asdfg\asdfg.csproj", "{ABD00459-09F3-4343-8732-1C0672B27B79}"
EndProject
Global
	GlobalSection(SolutionConfigurationPlatforms) = preSolution
		Debug|Any CPU = Debug|Any CPU
		Release|Any CPU = Release|Any CPU
	EndGlobalSection
	GlobalSection(ProjectConfigurationPlatforms) = postSolution
		{ABD00459-09F3-4343-8732-1C0672B27B79}.Debug|Any CPU.ActiveCfg = Debug|Any CPU
		{ABD00459-09F3-4343-8732-1C0672B27B79}.Debug|Any CPU.Build.0 = Debug|Any CPU
		{ABD00459-09F3-4343-8732-1C0672B27B79}.Release|Any CPU.ActiveCfg = Release|Any CPU
		{ABD00459-09F3-4343-8732-1C0672B27B79}.Release|Any CPU.Build.0 = Release|Any CPU
	EndGlobalSection
	GlobalSection(SolutionProperties) = preSolution
		HideSolutionNode = FALSE
	EndGlobalSection
	GlobalSection(ExtensibilityGlobals) = postSolution
		SolutionGuid = {70EDAE22-14B4-49EB-A5B8-752C7D59B37A}
	EndGlobalSection
EndGlobal
